
Microsoft Visual Studio Solution File, Format Version 12.00
# Visual Studio Version 16
VisualStudioVersion = 16.0.33927.289
MinimumVisualStudioVersion = 10.0.40219.1
Project("{FAE04EC0-301F-11D3-BF4B-00C04F79EFBC}") = "Project_Ql_ThueXe", "Project_Ql_ThueXe\Project_Ql_ThueXe.csproj", "{DC730732-768A-44C6-AD93-A39C9A06485E}"
EndProject
Global
	GlobalSection(SolutionConfigurationPlatforms) = preSolution
		Debug|Any CPU = Debug|Any CPU
		Release|Any CPU = Release|Any CPU
	EndGlobalSection
	GlobalSection(ProjectConfigurationPlatforms) = postSolution
		{DC730732-768A-44C6-AD93-A39C9A06485E}.Debug|Any CPU.ActiveCfg = Debug|Any CPU
		{DC730732-768A-44C6-AD93-A39C9A06485E}.Debug|Any CPU.Build.0 = Debug|Any CPU
		{DC730732-768A-44C6-AD93-A39C9A06485E}.Release|Any CPU.ActiveCfg = Release|Any CPU
		{DC730732-768A-44C6-AD93-A39C9A06485E}.Release|Any CPU.Build.0 = Release|Any CPU
	EndGlobalSection
	GlobalSection(SolutionProperties) = preSolution
		HideSolutionNode = FALSE
	EndGlobalSection
	GlobalSection(ExtensibilityGlobals) = postSolution
		SolutionGuid = {18390AC7-E617-4B69-8148-DDC2D0DB9B4F}
	EndGlobalSection
EndGlobal
